Microsoft Visual Studio Solution File, Format Version 12.00
# Visual Studio Version 17
VisualStudioVersion = 17.13.35913.81
MinimumVisualStudioVersion = 10.0.40219.1
Project("{FAE04EC0-301F-11D3-BF4B-00C04F79EFBC}") = "DataContract", "DataContract\DataContract.csproj", "{48ABF4CD-31C2-A81D-B25C-5F53D70861D8}"
EndProject
Project("{FAE04EC0-301F-11D3-BF4B-00C04F79EFBC}") = "UnitTests", "UnitTests\UnitTests.csproj", "{7E38AB27-AACA-4B37-B17E-AA11A8A7FA1C}"
EndProject
Project("{FAE04EC0-301F-11D3-BF4B-00C04F79EFBC}") = "QueryGateway", "QueryGateway\QueryGateway.csproj", "{610CEB39-B852-4D0F-84E7-B87B247824CB}"
EndProject
Global
	GlobalSection(SolutionConfigurationPlatforms) = preSolution
		Debug|Any CPU = Debug|Any CPU
		Release|Any CPU = Release|Any CPU
	EndGlobalSection
	GlobalSection(ProjectConfigurationPlatforms) = postSolution
		{48ABF4CD-31C2-A81D-B25C-5F53D70861D8}.Debug|Any CPU.ActiveCfg = Debug|Any CPU
		{48ABF4CD-31C2-A81D-B25C-5F53D70861D8}.Debug|Any CPU.Build.0 = Debug|Any CPU
		{48ABF4CD-31C2-A81D-B25C-5F53D70861D8}.Release|Any CPU.ActiveCfg = Release|Any CPU
		{48ABF4CD-31C2-A81D-B25C-5F53D70861D8}.Release|Any CPU.Build.0 = Release|Any CPU
		{7E38AB27-AACA-4B37-B17E-AA11A8A7FA1C}.Debug|Any CPU.ActiveCfg = Debug|Any CPU
		{7E38AB27-AACA-4B37-B17E-AA11A8A7FA1C}.Debug|Any CPU.Build.0 = Debug|Any CPU
		{7E38AB27-AACA-4B37-B17E-AA11A8A7FA1C}.Release|Any CPU.ActiveCfg = Release|Any CPU
		{7E38AB27-AACA-4B37-B17E-AA11A8A7FA1C}.Release|Any CPU.Build.0 = Release|Any CPU
		{610CEB39-B852-4D0F-84E7-B87B247824CB}.Debug|Any CPU.ActiveCfg = Debug|Any CPU
		{610CEB39-B852-4D0F-84E7-B87B247824CB}.Debug|Any CPU.Build.0 = Debug|Any CPU
		{610CEB39-B852-4D0F-84E7-B87B247824CB}.Release|Any CPU.ActiveCfg = Release|Any CPU
		{610CEB39-B852-4D0F-84E7-B87B247824CB}.Release|Any CPU.Build.0 = Release|Any CPU
	EndGlobalSection
	GlobalSection(SolutionProperties) = preSolution
		HideSolutionNode = FALSE
	EndGlobalSection
	GlobalSection(ExtensibilityGlobals) = postSolution
		SolutionGuid = {CD569BA2-D35F-45EB-91DD-5DD454BC50F3}
	EndGlobalSection
EndGlobal
